// !$*UTF8*$!
{
	archiveVersion = 1;
	classes = {
	};
	objectVersion = 51;
	objects = {

/* Begin PBXBuildFile section */
		829988CC28B7374500D62678 /* TestCell.swift in Sources */ = {isa = PBXBuildFile; fileRef = 829988C928B7374500D62678 /* TestCell.swift */; };
		829988CD28B7374500D62678 /* TestDto.swift in Sources */ = {isa = PBXBuildFile; fileRef = 829988CA28B7374500D62678 /* TestDto.swift */; };
		829988CE28B7374500D62678 /* TestSectionController.swift in Sources */ = {isa = PBXBuildFile; fileRef = 829988CB28B7374500D62678 /* TestSectionController.swift */; };
		82C583DC24FF4ABA00CCC1AE /* AppDelegate.swift in Sources */ = {isa = PBXBuildFile; fileRef = 82C583DB24FF4ABA00CCC1AE /* AppDelegate.swift */; };
		82C583E024FF4ABA00CCC1AE /* ViewController.swift in Sources */ = {isa = PBXBuildFile; fileRef = 82C583DF24FF4ABA00CCC1AE /* ViewController.swift */; };
		82C583E524FF4ABB00CCC1AE /* Assets.xcassets in Resources */ = {isa = PBXBuildFile; fileRef = 82C583E424FF4ABB00CCC1AE /* Assets.xcassets */; };
		82C583E824FF4ABB00CCC1AE /* LaunchScreen.storyboard in Resources */ = {isa = PBXBuildFile; fileRef = 82C583E624FF4ABB00CCC1AE /* LaunchScreen.storyboard */; };
		82CF6A2128A9077900D52DA6 /* Message.swift in Sources */ = {isa = PBXBuildFile; fileRef = 82CF6A2028A9077900D52DA6 /* Message.swift */; };
		82CF6ACB28AABC5500D52DA6 /* IGListController.swift in Sources */ = {isa = PBXBuildFile; fileRef = 82CF6ACA28AABC5400D52DA6 /* IGListController.swift */; };
		82CF6ACD28AABD0A00D52DA6 /* MessageSectionController.swift in Sources */ = {isa = PBXBuildFile; fileRef = 82CF6ACC28AABD0A00D52DA6 /* MessageSectionController.swift */; };
		82CF6ACF28AABD5E00D52DA6 /* MessageCell.swift in Sources */ = {isa = PBXBuildFile; fileRef = 82CF6ACE28AABD5E00D52DA6 /* MessageCell.swift */; };
		82CF6AD128AAC94900D52DA6 /* SessionDto.swift in Sources */ = {isa = PBXBuildFile; fileRef = 82CF6AD028AAC94900D52DA6 /* SessionDto.swift */; };
		82D574C728A627CA006443D6 /* CollectionCell.swift in Sources */ = {isa = PBXBuildFile; fileRef = 82D574C628A627CA006443D6 /* CollectionCell.swift */; };
		82D574C928A631F1006443D6 /* CollectionController.swift in Sources */ = {isa = PBXBuildFile; fileRef = 82D574C828A631F1006443D6 /* CollectionController.swift */; };
		82D574CB28A63289006443D6 /* CollectionReusableFooterView.swift in Sources */ = {isa = PBXBuildFile; fileRef = 82D574CA28A63289006443D6 /* CollectionReusableFooterView.swift */; };
		82D574E228A783D2006443D6 /* DecorationController.swift in Sources */ = {isa = PBXBuildFile; fileRef = 82D574E128A783D2006443D6 /* DecorationController.swift */; };
		82D574E428A784B7006443D6 /* Then.swift in Sources */ = {isa = PBXBuildFile; fileRef = 82D574E328A784B7006443D6 /* Then.swift */; };
		82D574F928A7AB59006443D6 /* CollectionReusableHeaderView.swift in Sources */ = {isa = PBXBuildFile; fileRef = 82D574F828A7AB59006443D6 /* CollectionReusableHeaderView.swift */; };
		82D574FB28A7ABC1006443D6 /* CollectionReusableView.swift in Sources */ = {isa = PBXBuildFile; fileRef = 82D574FA28A7ABC1006443D6 /* CollectionReusableView.swift */; };
		82D5750728A7D9AA006443D6 /* FlowLayout+Backgrounds.swift in Sources */ = {isa = PBXBuildFile; fileRef = 82D574FE28A7D9AA006443D6 /* FlowLayout+Backgrounds.swift */; };
		82D5750928A7D9AA006443D6 /* FlowLayout.swift in Sources */ = {isa = PBXBuildFile; fileRef = 82D5750028A7D9AA006443D6 /* FlowLayout.swift */; };
		82D5750A28A7D9AA006443D6 /* FlowLayoutItemAttributes.swift in Sources */ = {isa = PBXBuildFile; fileRef = 82D5750128A7D9AA006443D6 /* FlowLayoutItemAttributes.swift */; };
		82D5750B28A7D9AA006443D6 /* FlowLayoutInvalidationContext.swift in Sources */ = {isa = PBXBuildFile; fileRef = 82D5750228A7D9AA006443D6 /* FlowLayoutInvalidationContext.swift */; };
		82D5750C28A7D9AA006443D6 /* FlowLayout+Ext.swift in Sources */ = {isa = PBXBuildFile; fileRef = 82D5750328A7D9AA006443D6 /* FlowLayout+Ext.swift */; };
		82D5752328A80CA8006443D6 /* BackgroundReusableView.swift in Sources */ = {isa = PBXBuildFile; fileRef = 82D5752228A80CA8006443D6 /* BackgroundReusableView.swift */; };
		8715BD2431F6F3FBCE1EA583 /* Pods_Demo.framework in Frameworks */ = {isa = PBXBuildFile; fileRef = 0493BF5B1D952D3DB394B4B0 /* Pods_Demo.framework */; };
/* End PBXBuildFile section */

/* Begin PBXFileReference section */
		0493BF5B1D952D3DB394B4B0 /* Pods_Demo.framework */ = {isa = PBXFileReference; explicitFileType = wrapper.framework; includeInIndex = 0; path = Pods_Demo.framework; sourceTree = BUILT_PRODUCTS_DIR; };
		5C46805D5EAF2E1AEF9D0D3F /* Pods-Demo.debug.xcconfig */ = {isa = PBXFileReference; includeInIndex = 1; lastKnownFileType = text.xcconfig; name = "Pods-Demo.debug.xcconfig"; path = "Target Support Files/Pods-Demo/Pods-Demo.debug.xcconfig"; sourceTree = "<group>"; };
		7796E552F3FE7875F9C08D0B /* Pods-Demo.release.xcconfig */ = {isa = PBXFileReference; includeInIndex = 1; lastKnownFileType = text.xcconfig; name = "Pods-Demo.release.xcconfig"; path = "Target Support Files/Pods-Demo/Pods-Demo.release.xcconfig"; sourceTree = "<group>"; };
		829988C928B7374500D62678 /* TestCell.swift */ = {isa = PBXFileReference; fileEncoding = 4; lastKnownFileType = sourcecode.swift; path = TestCell.swift; sourceTree = "<group>"; };
		829988CA28B7374500D62678 /* TestDto.swift */ = {isa = PBXFileReference; fileEncoding = 4; lastKnownFileType = sourcecode.swift; path = TestDto.swift; sourceTree = "<group>"; };
		829988CB28B7374500D62678 /* TestSectionController.swift */ = {isa = PBXFileReference; fileEncoding = 4; lastKnownFileType = sourcecode.swift; path = TestSectionController.swift; sourceTree = "<group>"; };
		82C583D824FF4ABA00CCC1AE /* Demo.app */ = {isa = PBXFileReference; explicitFileType = wrapper.application; includeInIndex = 0; path = Demo.app; sourceTree = BUILT_PRODUCTS_DIR; };
		82C583DB24FF4ABA00CCC1AE /* AppDelegate.swift */ = {isa = PBXFileReference; lastKnownFileType = sourcecode.swift; path = AppDelegate.swift; sourceTree = "<group>"; };
		82C583DF24FF4ABA00CCC1AE /* ViewController.swift */ = {isa = PBXFileReference; lastKnownFileType = sourcecode.swift; path = ViewController.swift; sourceTree = "<group>"; };
		82C583E424FF4ABB00CCC1AE /* Assets.xcassets */ = {isa = PBXFileReference; lastKnownFileType = folder.assetcatalog; path = Assets.xcassets; sourceTree = "<group>"; };
		82C583E724FF4ABB00CCC1AE /* Base */ = {isa = PBXFileReference; lastKnownFileType = file.storyboard; name = Base; path = Base.lproj/LaunchScreen.storyboard; sourceTree = "<group>"; };
		82C583E924FF4ABB00CCC1AE /* Info.plist */ = {isa = PBXFileReference; lastKnownFileType = text.plist.xml; path = Info.plist; sourceTree = "<group>"; };
		82CF6A2028A9077900D52DA6 /* Message.swift */ = {isa = PBXFileReference; lastKnownFileType = sourcecode.swift; path = Message.swift; sourceTree = "<group>"; };
		82CF6ACA28AABC5400D52DA6 /* IGListController.swift */ = {isa = PBXFileReference; lastKnownFileType = sourcecode.swift; path = IGListController.swift; sourceTree = "<group>"; };
		82CF6ACC28AABD0A00D52DA6 /* MessageSectionController.swift */ = {isa = PBXFileReference; lastKnownFileType = sourcecode.swift; path = MessageSectionController.swift; sourceTree = "<group>"; };
		82CF6ACE28AABD5E00D52DA6 /* MessageCell.swift */ = {isa = PBXFileReference; lastKnownFileType = sourcecode.swift; path = MessageCell.swift; sourceTree = "<group>"; };
		82CF6AD028AAC94900D52DA6 /* SessionDto.swift */ = {isa = PBXFileReference; lastKnownFileType = sourcecode.swift; path = SessionDto.swift; sourceTree = "<group>"; };
		82D574C628A627CA006443D6 /* CollectionCell.swift */ = {isa = PBXFileReference; lastKnownFileType = sourcecode.swift; path = CollectionCell.swift; sourceTree = "<group>"; };
		82D574C828A631F1006443D6 /* CollectionController.swift */ = {isa = PBXFileReference; lastKnownFileType = sourcecode.swift; path = CollectionController.swift; sourceTree = "<group>"; };
		82D574CA28A63289006443D6 /* CollectionReusableFooterView.swift */ = {isa = PBXFileReference; lastKnownFileType = sourcecode.swift; path = CollectionReusableFooterView.swift; sourceTree = "<group>"; };
		82D574E128A783D2006443D6 /* DecorationController.swift */ = {isa = PBXFileReference; lastKnownFileType = sourcecode.swift; path = DecorationController.swift; sourceTree = "<group>"; };
		82D574E328A784B7006443D6 /* Then.swift */ = {isa = PBXFileReference; fileEncoding = 4; lastKnownFileType = sourcecode.swift; path = Then.swift; sourceTree = "<group>"; };
		82D574F828A7AB59006443D6 /* CollectionReusableHeaderView.swift */ = {isa = PBXFileReference; lastKnownFileType = sourcecode.swift; path = CollectionReusableHeaderView.swift; sourceTree = "<group>"; };
		82D574FA28A7ABC1006443D6 /* CollectionReusableView.swift */ = {isa = PBXFileReference; lastKnownFileType = sourcecode.swift; path = CollectionReusableView.swift; sourceTree = "<group>"; };
		82D574FE28A7D9AA006443D6 /* FlowLayout+Backgrounds.swift */ = {isa = PBXFileReference; fileEncoding = 4; lastKnownFileType = sourcecode.swift; path = "FlowLayout+Backgrounds.swift"; sourceTree = "<group>"; };
		82D5750028A7D9AA006443D6 /* FlowLayout.swift */ = {isa = PBXFileReference; fileEncoding = 4; lastKnownFileType = sourcecode.swift; path = FlowLayout.swift; sourceTree = "<group>"; };
		82D5750128A7D9AA006443D6 /* FlowLayoutItemAttributes.swift */ = {isa = PBXFileReference; fileEncoding = 4; lastKnownFileType = sourcecode.swift; path = FlowLayoutItemAttributes.swift; sourceTree = "<group>"; };
		82D5750228A7D9AA006443D6 /* FlowLayoutInvalidationContext.swift */ = {isa = PBXFileReference; fileEncoding = 4; lastKnownFileType = sourcecode.swift; path = FlowLayoutInvalidationContext.swift; sourceTree = "<group>"; };
		82D5750328A7D9AA006443D6 /* FlowLayout+Ext.swift */ = {isa = PBXFileReference; fileEncoding = 4; lastKnownFileType = sourcecode.swift; path = "FlowLayout+Ext.swift"; sourceTree = "<group>"; };
		82D5752228A80CA8006443D6 /* BackgroundReusableView.swift */ = {isa = PBXFileReference; lastKnownFileType = sourcecode.swift; path = BackgroundReusableView.swift; sourceTree = "<group>"; };
/* End PBXFileReference section */

/* Begin PBXFrameworksBuildPhase section */
		82C583D524FF4ABA00CCC1AE /* Frameworks */ = {
			isa = PBXFrameworksBuildPhase;
			buildActionMask = 2147483647;
			files = (
				8715BD2431F6F3FBCE1EA583 /* Pods_Demo.framework in Frameworks */,
			);
			runOnlyForDeploymentPostprocessing = 0;
		};
/* End PBXFrameworksBuildPhase section */

/* Begin PBXGroup section */
		22342B238232E9A044BEA1BC /* Pods */ = {
			isa = PBXGroup;
			children = (
				5C46805D5EAF2E1AEF9D0D3F /* Pods-Demo.debug.xcconfig */,
				7796E552F3FE7875F9C08D0B /* Pods-Demo.release.xcconfig */,
			);
			path = Pods;
			sourceTree = "<group>";
		};
		55D0A6BEFE308D327158A73C /* Frameworks */ = {
			isa = PBXGroup;
			children = (
				0493BF5B1D952D3DB394B4B0 /* Pods_Demo.framework */,
			);
			name = Frameworks;
			sourceTree = "<group>";
		};
		82C583CF24FF4ABA00CCC1AE = {
			isa = PBXGroup;
			children = (
				82C583DA24FF4ABA00CCC1AE /* Demo */,
				82C583D924FF4ABA00CCC1AE /* Products */,
				22342B238232E9A044BEA1BC /* Pods */,
				55D0A6BEFE308D327158A73C /* Frameworks */,
			);
			sourceTree = "<group>";
		};
		82C583D924FF4ABA00CCC1AE /* Products */ = {
			isa = PBXGroup;
			children = (
				82C583D824FF4ABA00CCC1AE /* Demo.app */,
			);
			name = Products;
			sourceTree = "<group>";
		};
		82C583DA24FF4ABA00CCC1AE /* Demo */ = {
			isa = PBXGroup;
			children = (
				82D574E528A7A7BF006443D6 /* FlowLayout */,
				82D574E328A784B7006443D6 /* Then.swift */,
				82C583DB24FF4ABA00CCC1AE /* AppDelegate.swift */,
				82C583DF24FF4ABA00CCC1AE /* ViewController.swift */,
				82C583E424FF4ABB00CCC1AE /* Assets.xcassets */,
				82C583E624FF4ABB00CCC1AE /* LaunchScreen.storyboard */,
				82C583E924FF4ABB00CCC1AE /* Info.plist */,
				82D574C628A627CA006443D6 /* CollectionCell.swift */,
				82D574C828A631F1006443D6 /* CollectionController.swift */,
				82D574E128A783D2006443D6 /* DecorationController.swift */,
				82D574CA28A63289006443D6 /* CollectionReusableFooterView.swift */,
				82D574F828A7AB59006443D6 /* CollectionReusableHeaderView.swift */,
				82D574FA28A7ABC1006443D6 /* CollectionReusableView.swift */,
				82CF6A2028A9077900D52DA6 /* Message.swift */,
				829988C928B7374500D62678 /* TestCell.swift */,
				829988CA28B7374500D62678 /* TestDto.swift */,
				829988CB28B7374500D62678 /* TestSectionController.swift */,
				82CF6ACA28AABC5400D52DA6 /* IGListController.swift */,
				82CF6ACC28AABD0A00D52DA6 /* MessageSectionController.swift */,
				82CF6ACE28AABD5E00D52DA6 /* MessageCell.swift */,
				82CF6AD028AAC94900D52DA6 /* SessionDto.swift */,
			);
			path = Demo;
			sourceTree = "<group>";
		};
		82D574E528A7A7BF006443D6 /* FlowLayout */ = {
			isa = PBXGroup;
			children = (
				82D5750028A7D9AA006443D6 /* FlowLayout.swift */,
				82D574FE28A7D9AA006443D6 /* FlowLayout+Backgrounds.swift */,
				82D5750228A7D9AA006443D6 /* FlowLayoutInvalidationContext.swift */,
				82D5750128A7D9AA006443D6 /* FlowLayoutItemAttributes.swift */,
				82D5750328A7D9AA006443D6 /* FlowLayout+Ext.swift */,
				82D5752228A80CA8006443D6 /* BackgroundReusableView.swift */,
			);
			path = FlowLayout;
			sourceTree = "<group>";
		};
/* End PBXGroup section */

/* Begin PBXNativeTarget section */
		82C583D724FF4ABA00CCC1AE /* Demo */ = {
			isa = PBXNativeTarget;
			buildConfigurationList = 82C583EC24FF4ABB00CCC1AE /* Build configuration list for PBXNativeTarget "Demo" */;
			buildPhases = (
				C35DF9774F769A1DFF6B5352 /* [CP] Check Pods Manifest.lock */,
				82C583D424FF4ABA00CCC1AE /* Sources */,
				82C583D524FF4ABA00CCC1AE /* Frameworks */,
				82C583D624FF4ABA00CCC1AE /* Resources */,
				403EC9BF5D6404FA094A19EF /* [CP] Embed Pods Frameworks */,
			);
			buildRules = (
			);
			dependencies = (
			);
			name = Demo;
			productName = Demo;
			productReference = 82C583D824FF4ABA00CCC1AE /* Demo.app */;
			productType = "com.apple.product-type.application";
		};
/* End PBXNativeTarget section */

/* Begin PBXProject section */
		82C583D024FF4ABA00CCC1AE /* Project object */ = {
			isa = PBXProject;
			attributes = {
				LastSwiftUpdateCheck = 1160;
				LastUpgradeCheck = 1160;
				ORGANIZATIONNAME = "赵江明";
				TargetAttributes = {
					82C583D724FF4ABA00CCC1AE = {
						CreatedOnToolsVersion = 11.6;
					};
				};
			};
			buildConfigurationList = 82C583D324FF4ABA00CCC1AE /* Build configuration list for PBXProject "Demo" */;
			compatibilityVersion = "Xcode 9.3";
			developmentRegion = en;
			hasScannedForEncodings = 0;
			knownRegions = (
				en,
				Base,
			);
			mainGroup = 82C583CF24FF4ABA00CCC1AE;
			productRefGroup = 82C583D924FF4ABA00CCC1AE /* Products */;
			projectDirPath = "";
			projectRoot = "";
			targets = (
				82C583D724FF4ABA00CCC1AE /* Demo */,
			);
		};
/* End PBXProject section */

/* Begin PBXResourcesBuildPhase section */
		82C583D624FF4ABA00CCC1AE /* Resources */ = {
			isa = PBXResourcesBuildPhase;
			buildActionMask = 2147483647;
			files = (
				82C583E824FF4ABB00CCC1AE /* LaunchScreen.storyboard in Resources */,
				82C583E524FF4ABB00CCC1AE /* Assets.xcassets in Resources */,
			);
			runOnlyForDeploymentPostprocessing = 0;
		};
/* End PBXResourcesBuildPhase section */

/* Begin PBXShellScriptBuildPhase section */
		403EC9BF5D6404FA094A19EF /* [CP] Embed Pods Frameworks */ = {
			isa = PBXShellScriptBuildPhase;
			buildActionMask = 2147483647;
			files = (
			);
			inputFileListPaths = (
				"${PODS_ROOT}/Target Support Files/Pods-Demo/Pods-Demo-frameworks-${CONFIGURATION}-input-files.xcfilelist",
			);
			name = "[CP] Embed Pods Frameworks";
			outputFileListPaths = (
				"${PODS_ROOT}/Target Support Files/Pods-Demo/Pods-Demo-frameworks-${CONFIGURATION}-output-files.xcfilelist",
			);
			runOnlyForDeploymentPostprocessing = 0;
			shellPath = /bin/sh;
			shellScript = "\"${PODS_ROOT}/Target Support Files/Pods-Demo/Pods-Demo-frameworks.sh\"\n";
			showEnvVarsInLog = 0;
		};
		C35DF9774F769A1DFF6B5352 /* [CP] Check Pods Manifest.lock */ = {
			isa = PBXShellScriptBuildPhase;
			buildActionMask = 2147483647;
			files = (
			);
			inputFileListPaths = (
			);
			inputPaths = (
				"${PODS_PODFILE_DIR_PATH}/Podfile.lock",
				"${PODS_ROOT}/Manifest.lock",
			);
			name = "[CP] Check Pods Manifest.lock";
			outputFileListPaths = (
			);
			outputPaths = (
				"$(DERIVED_FILE_DIR)/Pods-Demo-checkManifestLockResult.txt",
			);
			runOnlyForDeploymentPostprocessing = 0;
			shellPath = /bin/sh;
			shellScript = "diff \"${PODS_PODFILE_DIR_PATH}/Podfile.lock\" \"${PODS_ROOT}/Manifest.lock\" > /dev/null\nif [ $? != 0 ] ; then\n    # print error to STDERR\n    echo \"error: The sandbox is not in sync with the Podfile.lock. Run 'pod install' or update your CocoaPods installation.\" >&2\n    exit 1\nfi\n# This output is used by Xcode 'outputs' to avoid re-running this script phase.\necho \"SUCCESS\" > \"${SCRIPT_OUTPUT_FILE_0}\"\n";
			showEnvVarsInLog = 0;
		};
/* End PBXShellScriptBuildPhase section */

/* Begin PBXSourcesBuildPhase section */
		82C583D424FF4ABA00CCC1AE /* Sources */ = {
			isa = PBXSourcesBuildPhase;
			buildActionMask = 2147483647;
			files = (
				82C583E024FF4ABA00CCC1AE /* ViewController.swift in Sources */,
				82D574E428A784B7006443D6 /* Then.swift in Sources */,
				82D5750B28A7D9AA006443D6 /* FlowLayoutInvalidationContext.swift in Sources */,
				82CF6ACD28AABD0A00D52DA6 /* MessageSectionController.swift in Sources */,
				82D574E228A783D2006443D6 /* DecorationController.swift in Sources */,
				82D574FB28A7ABC1006443D6 /* CollectionReusableView.swift in Sources */,
				82D5750928A7D9AA006443D6 /* FlowLayout.swift in Sources */,
				82CF6A2128A9077900D52DA6 /* Message.swift in Sources */,
				82C583DC24FF4ABA00CCC1AE /* AppDelegate.swift in Sources */,
				82D5752328A80CA8006443D6 /* BackgroundReusableView.swift in Sources */,
				829988CC28B7374500D62678 /* TestCell.swift in Sources */,
				82D574CB28A63289006443D6 /* CollectionReusableFooterView.swift in Sources */,
				82D5750C28A7D9AA006443D6 /* FlowLayout+Ext.swift in Sources */,
				82D5750728A7D9AA006443D6 /* FlowLayout+Backgrounds.swift in Sources */,
				829988CE28B7374500D62678 /* TestSectionController.swift in Sources */,
				82CF6ACB28AABC5500D52DA6 /* IGListController.swift in Sources */,
				82D574C928A631F1006443D6 /* CollectionController.swift in Sources */,
				82D5750A28A7D9AA006443D6 /* FlowLayoutItemAttributes.swift in Sources */,
				82D574F928A7AB59006443D6 /* CollectionReusableHeaderView.swift in Sources */,
				82D574C728A627CA006443D6 /* CollectionCell.swift in Sources */,
				829988CD28B7374500D62678 /* TestDto.swift in Sources */,
				82CF6AD128AAC94900D52DA6 /* SessionDto.swift in Sources */,
				82CF6ACF28AABD5E00D52DA6 /* MessageCell.swift in Sources */,
			);
			runOnlyForDeploymentPostprocessing = 0;
		};
/* End PBXSourcesBuildPhase section */

/* Begin PBXVariantGroup section */
		82C583E624FF4ABB00CCC1AE /* LaunchScreen.storyboard */ = {
			isa = PBXVariantGroup;
			children = (
				82C583E724FF4ABB00CCC1AE /* Base */,
			);
			name = LaunchScreen.storyboard;
			sourceTree = "<group>";
		};
/* End PBXVariantGroup section */

/* Begin XCBuildConfiguration section */
		82C583EA24FF4ABB00CCC1AE /* Debug */ = {
			isa = XCBuildConfiguration;
			buildSettings = {
				ALWAYS_SEARCH_USER_PATHS = NO;
				CLANG_ANALYZER_NONNULL = YES;
				CLANG_ANALYZER_NUMBER_OBJECT_CONVERSION = YES_AGGRESSIVE;
				CLANG_CXX_LANGUAGE_STANDARD = "gnu++14";
				CLANG_CXX_LIBRARY = "libc++";
				CLANG_ENABLE_MODULES = YES;
				CLANG_ENABLE_OBJC_ARC = YES;
				CLANG_ENABLE_OBJC_WEAK = YES;
				CLANG_WARN_BLOCK_CAPTURE_AUTORELEASING = YES;
				CLANG_WARN_BOOL_CONVERSION = YES;
				CLANG_WARN_COMMA = YES;
				CLANG_WARN_CONSTANT_CONVERSION = YES;
				CLANG_WARN_DEPRECATED_OBJC_IMPLEMENTATIONS = YES;
				CLANG_WARN_DIRECT_OBJC_ISA_USAGE = YES_ERROR;
				CLANG_WARN_DOCUMENTATION_COMMENTS = YES;
				CLANG_WARN_EMPTY_BODY = YES;
				CLANG_WARN_ENUM_CONVERSION = YES;
				CLANG_WARN_INFINITE_RECURSION = YES;
				CLANG_WARN_INT_CONVERSION = YES;
				CLANG_WARN_NON_LITERAL_NULL_CONVERSION = YES;
				CLANG_WARN_OBJC_IMPLICIT_RETAIN_SELF = YES;
				CLANG_WARN_OBJC_LITERAL_CONVERSION = YES;
				CLANG_WARN_OBJC_ROOT_CLASS = YES_ERROR;
				CLANG_WARN_RANGE_LOOP_ANALYSIS = YES;
				CLANG_WARN_STRICT_PROTOTYPES = YES;
				CLANG_WARN_SUSPICIOUS_MOVE = YES;
				CLANG_WARN_UNGUARDED_AVAILABILITY = YES_AGGRESSIVE;
				CLANG_WARN_UNREACHABLE_CODE = YES;
				CLANG_WARN__DUPLICATE_METHOD_MATCH = YES;
				COPY_PHASE_STRIP = NO;
				DEBUG_INFORMATION_FORMAT = dwarf;
				ENABLE_STRICT_OBJC_MSGSEND = YES;
				ENABLE_TESTABILITY = YES;
				GCC_C_LANGUAGE_STANDARD = gnu11;
				GCC_DYNAMIC_NO_PIC = NO;
				GCC_NO_COMMON_BLOCKS = YES;
				GCC_OPTIMIZATION_LEVEL = 0;
				GCC_PREPROCESSOR_DEFINITIONS = (
					"DEBUG=1",
					"$(inherited)",
				);
				GCC_WARN_64_TO_32_BIT_CONVERSION = YES;
				GCC_WARN_ABOUT_RETURN_TYPE = YES_ERROR;
				GCC_WARN_UNDECLARED_SELECTOR = YES;
				GCC_WARN_UNINITIALIZED_AUTOS = YES_AGGRESSIVE;
				GCC_WARN_UNUSED_FUNCTION = YES;
				GCC_WARN_UNUSED_VARIABLE = YES;
				IPHONEOS_DEPLOYMENT_TARGET = 13.6;
				MTL_ENABLE_DEBUG_INFO = INCLUDE_SOURCE;
				MTL_FAST_MATH = YES;
				ONLY_ACTIVE_ARCH = YES;
				SDKROOT = iphoneos;
				SWIFT_ACTIVE_COMPILATION_CONDITIONS = DEBUG;
				SWIFT_OPTIMIZATION_LEVEL = "-Onone";
			};
			name = Debug;
		};
		82C583EB24FF4ABB00CCC1AE /* Release */ = {
			isa = XCBuildConfiguration;
			buildSettings = {
				ALWAYS_SEARCH_USER_PATHS = NO;
				CLANG_ANALYZER_NONNULL = YES;
				CLANG_ANALYZER_NUMBER_OBJECT_CONVERSION = YES_AGGRESSIVE;
				CLANG_CXX_LANGUAGE_STANDARD = "gnu++14";
				CLANG_CXX_LIBRARY = "libc++";
				CLANG_ENABLE_MODULES = YES;
				CLANG_ENABLE_OBJC_ARC = YES;
				CLANG_ENABLE_OBJC_WEAK = YES;
				CLANG_WARN_BLOCK_CAPTURE_AUTORELEASING = YES;
				CLANG_WARN_BOOL_CONVERSION = YES;
				CLANG_WARN_COMMA = YES;
				CLANG_WARN_CONSTANT_CONVERSION = YES;
				CLANG_WARN_DEPRECATED_OBJC_IMPLEMENTATIONS = YES;
				CLANG_WARN_DIRECT_OBJC_ISA_USAGE = YES_ERROR;
				CLANG_WARN_DOCUMENTATION_COMMENTS = YES;
				CLANG_WARN_EMPTY_BODY = YES;
				CLANG_WARN_ENUM_CONVERSION = YES;
				CLANG_WARN_INFINITE_RECURSION = YES;
				CLANG_WARN_INT_CONVERSION = YES;
				CLANG_WARN_NON_LITERAL_NULL_CONVERSION = YES;
				CLANG_WARN_OBJC_IMPLICIT_RETAIN_SELF = YES;
				CLANG_WARN_OBJC_LITERAL_CONVERSION = YES;
				CLANG_WARN_OBJC_ROOT_CLASS = YES_ERROR;
				CLANG_WARN_RANGE_LOOP_ANALYSIS = YES;
				CLANG_WARN_STRICT_PROTOTYPES = YES;
				CLANG_WARN_SUSPICIOUS_MOVE = YES;
				CLANG_WARN_UNGUARDED_AVAILABILITY = YES_AGGRESSIVE;
				CLANG_WARN_UNREACHABLE_CODE = YES;
				CLANG_WARN__DUPLICATE_METHOD_MATCH = YES;
				COPY_PHASE_STRIP = NO;
				DEBUG_INFORMATION_FORMAT = "dwarf-with-dsym";
				ENABLE_NS_ASSERTIONS = NO;
				ENABLE_STRICT_OBJC_MSGSEND = YES;
				GCC_C_LANGUAGE_STANDARD = gnu11;
				GCC_NO_COMMON_BLOCKS = YES;
				GCC_WARN_64_TO_32_BIT_CONVERSION = YES;
				GCC_WARN_ABOUT_RETURN_TYPE = YES_ERROR;
				GCC_WARN_UNDECLARED_SELECTOR = YES;
				GCC_WARN_UNINITIALIZED_AUTOS = YES_AGGRESSIVE;
				GCC_WARN_UNUSED_FUNCTION = YES;
				GCC_WARN_UNUSED_VARIABLE = YES;
				IPHONEOS_DEPLOYMENT_TARGET = 13.6;
				MTL_ENABLE_DEBUG_INFO = NO;
				MTL_FAST_MATH = YES;
				SDKROOT = iphoneos;
				SWIFT_COMPILATION_MODE = wholemodule;
				SWIFT_OPTIMIZATION_LEVEL = "-O";
				VALIDATE_PRODUCT = YES;
			};
			name = Release;
		};
		82C583ED24FF4ABB00CCC1AE /* Debug */ = {
			isa = XCBuildConfiguration;
			baseConfigurationReference = 5C46805D5EAF2E1AEF9D0D3F /* Pods-Demo.debug.xcconfig */;
			buildSettings = {
				ASSETCATALOG_COMPILER_APPICON_NAME = AppIcon;
				CODE_SIGN_STYLE = Automatic;
				DEVELOPMENT_TEAM = D8RJFY6RH2;
				INFOPLIST_FILE = Demo/Info.plist;
				IPHONEOS_DEPLOYMENT_TARGET = 12.0;
				LD_RUNPATH_SEARCH_PATHS = (
					"$(inherited)",
					"@executable_path/Frameworks",
				);
				PRODUCT_BUNDLE_IDENTIFIER = com.feixunvip.oasis.Demo;
				PRODUCT_NAME = "$(TARGET_NAME)";
				SWIFT_VERSION = 5.0;
				TARGETED_DEVICE_FAMILY = "1,2";
			};
			name = Debug;
		};
		82C583EE24FF4ABB00CCC1AE /* Release */ = {
			isa = XCBuildConfiguration;
			baseConfigurationReference = 7796E552F3FE7875F9C08D0B /* Pods-Demo.release.xcconfig */;
			buildSettings = {
				ASSETCATALOG_COMPILER_APPICON_NAME = AppIcon;
				CODE_SIGN_STYLE = Automatic;
				DEVELOPMENT_TEAM = D8RJFY6RH2;
				INFOPLIST_FILE = Demo/Info.plist;
				IPHONEOS_DEPLOYMENT_TARGET = 12.0;
				LD_RUNPATH_SEARCH_PATHS = (
					"$(inherited)",
					"@executable_path/Frameworks",
				);
				PRODUCT_BUNDLE_IDENTIFIER = com.feixunvip.oasis.Demo;
				PRODUCT_NAME = "$(TARGET_NAME)";
				SWIFT_VERSION = 5.0;
				TARGETED_DEVICE_FAMILY = "1,2";
			};
			name = Release;
		};
/* End XCBuildConfiguration section */

/* Begin XCConfigurationList section */
		82C583D324FF4ABA00CCC1AE /* Build configuration list for PBXProject "Demo" */ = {
			isa = XCConfigurationList;
			buildConfigurations = (
				82C583EA24FF4ABB00CCC1AE /* Debug */,
				82C583EB24FF4ABB00CCC1AE /* Release */,
			);
			defaultConfigurationIsVisible = 0;
			defaultConfigurationName = Release;
		};
		82C583EC24FF4ABB00CCC1AE /* Build configuration list for PBXNativeTarget "Demo" */ = {
			isa = XCConfigurationList;
			buildConfigurations = (
				82C583ED24FF4ABB00CCC1AE /* Debug */,
				82C583EE24FF4ABB00CCC1AE /* Release */,
			);
			defaultConfigurationIsVisible = 0;
			defaultConfigurationName = Release;
		};
/* End XCConfigurationList section */
	};
	rootObject = 82C583D024FF4ABA00CCC1AE /* Project object */;
}
